
Microsoft Visual Studio Solution File, Format Version 12.00
# Visual Studio Version 16
VisualStudioVersion = 16.0.31205.134
MinimumVisualStudioVersion = 10.0.40219.1
Project("{FAE04EC0-301F-11D3-BF4B-00C04F79EFBC}") = "HelloWorld", "HelloWorld.csproj", "{41A0EC86-66CE-4559-8AD3-AAB79C51154B}"
EndProject
Project("{FAE04EC0-301F-11D3-BF4B-00C04F79EFBC}") = "HelloWorld.Tests", "..\HelloWorld.Tests\HelloWorld.Tests.csproj", "{47A256E4-FA82-432E-87E6-8A3B3A8876E8}"
EndProject
Global
	GlobalSection(SolutionConfigurationPlatforms) = preSolution
		Debug|Any CPU = Debug|Any CPU
		Release|Any CPU = Release|Any CPU
	EndGlobalSection
	GlobalSection(ProjectConfigurationPlatforms) = postSolution
		{41A0EC86-66CE-4559-8AD3-AAB79C51154B}.Debug|Any CPU.ActiveCfg = Debug|Any CPU
		{41A0EC86-66CE-4559-8AD3-AAB79C51154B}.Debug|Any CPU.Build.0 = Debug|Any CPU
		{41A0EC86-66CE-4559-8AD3-AAB79C51154B}.Release|Any CPU.ActiveCfg = Release|Any CPU
		{41A0EC86-66CE-4559-8AD3-AAB79C51154B}.Release|Any CPU.Build.0 = Release|Any CPU
		{47A256E4-FA82-432E-87E6-8A3B3A8876E8}.Debug|Any CPU.ActiveCfg = Debug|Any CPU
		{47A256E4-FA82-432E-87E6-8A3B3A8876E8}.Debug|Any CPU.Build.0 = Debug|Any CPU
		{47A256E4-FA82-432E-87E6-8A3B3A8876E8}.Release|Any CPU.ActiveCfg = Release|Any CPU
		{47A256E4-FA82-432E-87E6-8A3B3A8876E8}.Release|Any CPU.Build.0 = Release|Any CPU
	EndGlobalSection
	GlobalSection(SolutionProperties) = preSolution
		HideSolutionNode = FALSE
	EndGlobalSection
	GlobalSection(ExtensibilityGlobals) = postSolution
		SolutionGuid = {01995E44-9F13-4245-BBC6-265CD28FEA0F}
	EndGlobalSection
EndGlobal
