
Microsoft Visual Studio Solution File, Format Version 12.00
# Visual Studio Version 16
VisualStudioVersion = 16.0.31205.134
MinimumVisualStudioVersion = 10.0.40219.1
Project("{FAE04EC0-301F-11D3-BF4B-00C04F79EFBC}") = "UserManage", "src\UserManage\UserManage.csproj", "{C5BBA747-731F-4814-A48C-43F56FFFC4AA}"
EndProject
Global
	GlobalSection(SolutionConfigurationPlatforms) = preSolution
		Debug|Any CPU = Debug|Any CPU
		Release|Any CPU = Release|Any CPU
	EndGlobalSection
	GlobalSection(ProjectConfigurationPlatforms) = postSolution
		{C5BBA747-731F-4814-A48C-43F56FFFC4AA}.Debug|Any CPU.ActiveCfg = Debug|Any CPU
		{C5BBA747-731F-4814-A48C-43F56FFFC4AA}.Debug|Any CPU.Build.0 = Debug|Any CPU
		{C5BBA747-731F-4814-A48C-43F56FFFC4AA}.Release|Any CPU.ActiveCfg = Release|Any CPU
		{C5BBA747-731F-4814-A48C-43F56FFFC4AA}.Release|Any CPU.Build.0 = Release|Any CPU
	EndGlobalSection
	GlobalSection(SolutionProperties) = preSolution
		HideSolutionNode = FALSE
	EndGlobalSection
	GlobalSection(ExtensibilityGlobals) = postSolution
		SolutionGuid = {BAAF1CA5-60E5-4E11-9620-45A8899C44A3}
	EndGlobalSection
EndGlobal
